
Microsoft Visual Studio Solution File, Format Version 12.00
# Visual Studio Version 17
VisualStudioVersion = 17.12.35707.178
MinimumVisualStudioVersion = 10.0.40219.1
Project("{FAE04EC0-301F-11D3-BF4B-00C04F79EFBC}") = "ProyectosGradoApi", "ProyectosGradoApi\ProyectosGradoApi.csproj", "{20BA63AD-B104-47AC-8061-8ED54CABDB40}"
EndProject
Project("{2150E333-8FDC-42A3-9474-1A3956D46DE8}") = "Core", "Core", "{D9364B20-4EEA-48CC-AC43-5AAF22AF657B}"
EndProject
Project("{2150E333-8FDC-42A3-9474-1A3956D46DE8}") = "Infrastructure", "Infrastructure", "{897C66C9-EAC2-4740-8492-9C1CD544AB29}"
EndProject
Project("{FAE04EC0-301F-11D3-BF4B-00C04F79EFBC}") = "Domain", "Domain\Domain.csproj", "{CBE51FD8-1210-472F-A3C7-73A6487ED37F}"
EndProject
Project("{FAE04EC0-301F-11D3-BF4B-00C04F79EFBC}") = "Service.Abstractions", "Service.Abstractions\Service.Abstractions.csproj", "{F6BD2E84-470A-4961-A00A-7FD8B701AE0B}"
EndProject
Project("{FAE04EC0-301F-11D3-BF4B-00C04F79EFBC}") = "Services", "Services\Services.csproj", "{78EEAD59-4526-415F-B518-4C9340BD9ABB}"
EndProject
Project("{FAE04EC0-301F-11D3-BF4B-00C04F79EFBC}") = "Persistence", "Persistence\Persistence.csproj", "{6196F7BA-E46E-46E2-9333-BDFB1939A2F6}"
EndProject
Project("{FAE04EC0-301F-11D3-BF4B-00C04F79EFBC}") = "Presentation", "Presentation\Presentation.csproj", "{6800854A-6795-40F2-8FEC-E47513DAFF3D}"
EndProject
Project("{FAE04EC0-301F-11D3-BF4B-00C04F79EFBC}") = "Shared", "Shared\Shared.csproj", "{C201475A-5363-4BC2-865B-DFE40A5DB460}"
EndProject
Project("{FAE04EC0-301F-11D3-BF4B-00C04F79EFBC}") = "Configuration", "Configuration\Configuration.csproj", "{99C751FD-36A7-416B-8679-7525A1EB8154}"
EndProject
Global
	GlobalSection(SolutionConfigurationPlatforms) = preSolution
		Debug|Any CPU = Debug|Any CPU
		Release|Any CPU = Release|Any CPU
	EndGlobalSection
	GlobalSection(ProjectConfigurationPlatforms) = postSolution
		{20BA63AD-B104-47AC-8061-8ED54CABDB40}.Debug|Any CPU.ActiveCfg = Debug|Any CPU
		{20BA63AD-B104-47AC-8061-8ED54CABDB40}.Debug|Any CPU.Build.0 = Debug|Any CPU
		{20BA63AD-B104-47AC-8061-8ED54CABDB40}.Release|Any CPU.ActiveCfg = Release|Any CPU
		{20BA63AD-B104-47AC-8061-8ED54CABDB40}.Release|Any CPU.Build.0 = Release|Any CPU
		{CBE51FD8-1210-472F-A3C7-73A6487ED37F}.Debug|Any CPU.ActiveCfg = Debug|Any CPU
		{CBE51FD8-1210-472F-A3C7-73A6487ED37F}.Debug|Any CPU.Build.0 = Debug|Any CPU
		{CBE51FD8-1210-472F-A3C7-73A6487ED37F}.Release|Any CPU.ActiveCfg = Release|Any CPU
		{CBE51FD8-1210-472F-A3C7-73A6487ED37F}.Release|Any CPU.Build.0 = Release|Any CPU
		{F6BD2E84-470A-4961-A00A-7FD8B701AE0B}.Debug|Any CPU.ActiveCfg = Debug|Any CPU
		{F6BD2E84-470A-4961-A00A-7FD8B701AE0B}.Debug|Any CPU.Build.0 = Debug|Any CPU
		{F6BD2E84-470A-4961-A00A-7FD8B701AE0B}.Release|Any CPU.ActiveCfg = Release|Any CPU
		{F6BD2E84-470A-4961-A00A-7FD8B701AE0B}.Release|Any CPU.Build.0 = Release|Any CPU
		{78EEAD59-4526-415F-B518-4C9340BD9ABB}.Debug|Any CPU.ActiveCfg = Debug|Any CPU
		{78EEAD59-4526-415F-B518-4C9340BD9ABB}.Debug|Any CPU.Build.0 = Debug|Any CPU
		{78EEAD59-4526-415F-B518-4C9340BD9ABB}.Release|Any CPU.ActiveCfg = Release|Any CPU
		{78EEAD59-4526-415F-B518-4C9340BD9ABB}.Release|Any CPU.Build.0 = Release|Any CPU
		{6196F7BA-E46E-46E2-9333-BDFB1939A2F6}.Debug|Any CPU.ActiveCfg = Debug|Any CPU
		{6196F7BA-E46E-46E2-9333-BDFB1939A2F6}.Debug|Any CPU.Build.0 = Debug|Any CPU
		{6196F7BA-E46E-46E2-9333-BDFB1939A2F6}.Release|Any CPU.ActiveCfg = Release|Any CPU
		{6196F7BA-E46E-46E2-9333-BDFB1939A2F6}.Release|Any CPU.Build.0 = Release|Any CPU
		{6800854A-6795-40F2-8FEC-E47513DAFF3D}.Debug|Any CPU.ActiveCfg = Debug|Any CPU
		{6800854A-6795-40F2-8FEC-E47513DAFF3D}.Debug|Any CPU.Build.0 = Debug|Any CPU
		{6800854A-6795-40F2-8FEC-E47513DAFF3D}.Release|Any CPU.ActiveCfg = Release|Any CPU
		{6800854A-6795-40F2-8FEC-E47513DAFF3D}.Release|Any CPU.Build.0 = Release|Any CPU
		{C201475A-5363-4BC2-865B-DFE40A5DB460}.Debug|Any CPU.ActiveCfg = Debug|Any CPU
		{C201475A-5363-4BC2-865B-DFE40A5DB460}.Debug|Any CPU.Build.0 = Debug|Any CPU
		{C201475A-5363-4BC2-865B-DFE40A5DB460}.Release|Any CPU.ActiveCfg = Release|Any CPU
		{C201475A-5363-4BC2-865B-DFE40A5DB460}.Release|Any CPU.Build.0 = Release|Any CPU
		{99C751FD-36A7-416B-8679-7525A1EB8154}.Debug|Any CPU.ActiveCfg = Debug|Any CPU
		{99C751FD-36A7-416B-8679-7525A1EB8154}.Debug|Any CPU.Build.0 = Debug|Any CPU
		{99C751FD-36A7-416B-8679-7525A1EB8154}.Release|Any CPU.ActiveCfg = Release|Any CPU
		{99C751FD-36A7-416B-8679-7525A1EB8154}.Release|Any CPU.Build.0 = Release|Any CPU
	EndGlobalSection
	GlobalSection(SolutionProperties) = preSolution
		HideSolutionNode = FALSE
	EndGlobalSection
	GlobalSection(NestedProjects) = preSolution
		{CBE51FD8-1210-472F-A3C7-73A6487ED37F} = {D9364B20-4EEA-48CC-AC43-5AAF22AF657B}
		{F6BD2E84-470A-4961-A00A-7FD8B701AE0B} = {D9364B20-4EEA-48CC-AC43-5AAF22AF657B}
		{78EEAD59-4526-415F-B518-4C9340BD9ABB} = {D9364B20-4EEA-48CC-AC43-5AAF22AF657B}
		{6196F7BA-E46E-46E2-9333-BDFB1939A2F6} = {897C66C9-EAC2-4740-8492-9C1CD544AB29}
		{6800854A-6795-40F2-8FEC-E47513DAFF3D} = {897C66C9-EAC2-4740-8492-9C1CD544AB29}
		{C201475A-5363-4BC2-865B-DFE40A5DB460} = {897C66C9-EAC2-4740-8492-9C1CD544AB29}
		{99C751FD-36A7-416B-8679-7525A1EB8154} = {897C66C9-EAC2-4740-8492-9C1CD544AB29}
	EndGlobalSection
EndGlobal
